// !$*UTF8*$!
{
	archiveVersion = 1;
	classes = {
	};
	objectVersion = 55;
	objects = {

/* Begin PBXBuildFile section */
		2E63B4572DE3BEBCEC44F4A3 /* Pods_BoxA_BoxAUITests.framework in Frameworks */ = {isa = PBXBuildFile; fileRef = 7B799DBEACD6A07FCB90823E /* Pods_BoxA_BoxAUITests.framework */; };
		6128276EE79E51AA51B9CA0F /* Pods_BoxA.framework in Frameworks */ = {isa = PBXBuildFile; fileRef = 70D38CA1105C8F0C7D4B62F1 /* Pods_BoxA.framework */; };
		9009860C276FE06C00771681 /* BoxSDK.xcframework in Frameworks */ = {isa = PBXBuildFile; fileRef = 9009860B276FE06C00771681 /* BoxSDK.xcframework */; };
		90098610276FF02A00771681 /* BasicErrorView.swift in Sources */ = {isa = PBXBuildFile; fileRef = 9009860F276FF02A00771681 /* BasicErrorView.swift */; };
		90098615277023F400771681 /* test.txt in Resources */ = {isa = PBXBuildFile; fileRef = 90098614277023F400771681 /* test.txt */; };
		906596E92766D3FB0070E45A /* AppDelegate.swift in Sources */ = {isa = PBXBuildFile; fileRef = 906596E82766D3FB0070E45A /* AppDelegate.swift */; };
		906596EB2766D3FB0070E45A /* SceneDelegate.swift in Sources */ = {isa = PBXBuildFile; fileRef = 906596EA2766D3FB0070E45A /* SceneDelegate.swift */; };
		906596ED2766D3FB0070E45A /* ViewController.swift in Sources */ = {isa = PBXBuildFile; fileRef = 906596EC2766D3FB0070E45A /* ViewController.swift */; };
		906596F02766D3FB0070E45A /* Main.storyboard in Resources */ = {isa = PBXBuildFile; fileRef = 906596EE2766D3FB0070E45A /* Main.storyboard */; };
		906596F22766D3FD0070E45A /* Assets.xcassets in Resources */ = {isa = PBXBuildFile; fileRef = 906596F12766D3FD0070E45A /* Assets.xcassets */; };
		906596F52766D3FD0070E45A /* LaunchScreen.storyboard in Resources */ = {isa = PBXBuildFile; fileRef = 906596F32766D3FD0070E45A /* LaunchScreen.storyboard */; };
		906597002766D3FD0070E45A /* BoxATests.swift in Sources */ = {isa = PBXBuildFile; fileRef = 906596FF2766D3FD0070E45A /* BoxATests.swift */; };
		9065970A2766D3FD0070E45A /* BoxAUITests.swift in Sources */ = {isa = PBXBuildFile; fileRef = 906597092766D3FD0070E45A /* BoxAUITests.swift */; };
		9065970C2766D3FD0070E45A /* BoxAUITestsLaunchTests.swift in Sources */ = {isa = PBXBuildFile; fileRef = 9065970B2766D3FD0070E45A /* BoxAUITestsLaunchTests.swift */; };
		90B34F982776B38A00572EE3 /* EmployeeViewController.swift in Sources */ = {isa = PBXBuildFile; fileRef = 90B34F972776B38A00572EE3 /* EmployeeViewController.swift */; };
		90C4C501276EE4BB005DC297 /* GoogleService-Info.plist in Resources */ = {isa = PBXBuildFile; fileRef = 90C4C500276EE4BB005DC297 /* GoogleService-Info.plist */; };
		90D71AC1276FD108004F7063 /* AppDelegate.m in Sources */ = {isa = PBXBuildFile; fileRef = 90D71AC0276FD108004F7063 /* AppDelegate.m */; };
		90F7B6362766FDE500606104 /* SignUpViewController.swift in Sources */ = {isa = PBXBuildFile; fileRef = 90F7B6352766FDE500606104 /* SignUpViewController.swift */; };
		90F7B6382766FEC300606104 /* HomeViewController.swift in Sources */ = {isa = PBXBuildFile; fileRef = 90F7B6372766FEC300606104 /* HomeViewController.swift */; };
		90F9520C276F2FBF008B5905 /* Constants.swift in Sources */ = {isa = PBXBuildFile; fileRef = 90F9520B276F2FBF008B5905 /* Constants.swift */; };
		90F9520E276F487D008B5905 /* DocumentViewController.swift in Sources */ = {isa = PBXBuildFile; fileRef = 90F9520D276F487D008B5905 /* DocumentViewController.swift */; };
		E144F8FC4ECFDDF0885C81DB /* Pods_BoxATests.framework in Frameworks */ = {isa = PBXBuildFile; fileRef = 1D6D94DAE2EE1742015DE825 /* Pods_BoxATests.framework */; };
/* End PBXBuildFile section */

/* Begin PBXContainerItemProxy section */
		906596FC2766D3FD0070E45A /* PBXContainerItemProxy */ = {
			isa = PBXContainerItemProxy;
			containerPortal = 906596DD2766D3FB0070E45A /* Project object */;
			proxyType = 1;
			remoteGlobalIDString = 906596E42766D3FB0070E45A;
			remoteInfo = BoxA;
		};
		906597062766D3FD0070E45A /* PBXContainerItemProxy */ = {
			isa = PBXContainerItemProxy;
			containerPortal = 906596DD2766D3FB0070E45A /* Project object */;
			proxyType = 1;
			remoteGlobalIDString = 906596E42766D3FB0070E45A;
			remoteInfo = BoxA;
		};
/* End PBXContainerItemProxy section */

/* Begin PBXFileReference section */
		1D6D94DAE2EE1742015DE825 /* Pods_BoxATests.framework */ = {isa = PBXFileReference; explicitFileType = wrapper.framework; includeInIndex = 0; path = Pods_BoxATests.framework; sourceTree = BUILT_PRODUCTS_DIR; };
		3D04BFCE5A6ACFEF22D62340 /* Pods-BoxA-BoxAUITests.debug.xcconfig */ = {isa = PBXFileReference; includeInIndex = 1; lastKnownFileType = text.xcconfig; name = "Pods-BoxA-BoxAUITests.debug.xcconfig"; path = "Target Support Files/Pods-BoxA-BoxAUITests/Pods-BoxA-BoxAUITests.debug.xcconfig"; sourceTree = "<group>"; };
		3D3CB2BFF01BE0B46B03422E /* Pods-BoxA.release.xcconfig */ = {isa = PBXFileReference; includeInIndex = 1; lastKnownFileType = text.xcconfig; name = "Pods-BoxA.release.xcconfig"; path = "Target Support Files/Pods-BoxA/Pods-BoxA.release.xcconfig"; sourceTree = "<group>"; };
		3ECBB75DDC6E52273D147D55 /* Pods-BoxATests.debug.xcconfig */ = {isa = PBXFileReference; includeInIndex = 1; lastKnownFileType = text.xcconfig; name = "Pods-BoxATests.debug.xcconfig"; path = "Target Support Files/Pods-BoxATests/Pods-BoxATests.debug.xcconfig"; sourceTree = "<group>"; };
		669D11EDA0C66A084CABB8E8 /* Pods-BoxATests.release.xcconfig */ = {isa = PBXFileReference; includeInIndex = 1; lastKnownFileType = text.xcconfig; name = "Pods-BoxATests.release.xcconfig"; path = "Target Support Files/Pods-BoxATests/Pods-BoxATests.release.xcconfig"; sourceTree = "<group>"; };
		688D09F710E65C8B137B2CA3 /* Pods-BoxA-BoxAUITests.release.xcconfig */ = {isa = PBXFileReference; includeInIndex = 1; lastKnownFileType = text.xcconfig; name = "Pods-BoxA-BoxAUITests.release.xcconfig"; path = "Target Support Files/Pods-BoxA-BoxAUITests/Pods-BoxA-BoxAUITests.release.xcconfig"; sourceTree = "<group>"; };
		70D38CA1105C8F0C7D4B62F1 /* Pods_BoxA.framework */ = {isa = PBXFileReference; explicitFileType = wrapper.framework; includeInIndex = 0; path = Pods_BoxA.framework; sourceTree = BUILT_PRODUCTS_DIR; };
		7B799DBEACD6A07FCB90823E /* Pods_BoxA_BoxAUITests.framework */ = {isa = PBXFileReference; explicitFileType = wrapper.framework; includeInIndex = 0; path = Pods_BoxA_BoxAUITests.framework; sourceTree = BUILT_PRODUCTS_DIR; };
		9009860B276FE06C00771681 /* BoxSDK.xcframework */ = {isa = PBXFileReference; lastKnownFileType = wrapper.xcframework; name = BoxSDK.xcframework; path = Carthage/Build/BoxSDK.xcframework; sourceTree = SOURCE_ROOT; };
		9009860F276FF02A00771681 /* BasicErrorView.swift */ = {isa = PBXFileReference; lastKnownFileType = sourcecode.swift; path = BasicErrorView.swift; sourceTree = "<group>"; };
		90098614277023F400771681 /* test.txt */ = {isa = PBXFileReference; lastKnownFileType = text; path = test.txt; sourceTree = "<group>"; };
		906596E52766D3FB0070E45A /* BoxA.app */ = {isa = PBXFileReference; explicitFileType = wrapper.application; includeInIndex = 0; path = BoxA.app; sourceTree = BUILT_PRODUCTS_DIR; };
		906596E82766D3FB0070E45A /* AppDelegate.swift */ = {isa = PBXFileReference; lastKnownFileType = sourcecode.swift; path = AppDelegate.swift; sourceTree = "<group>"; };
		906596EA2766D3FB0070E45A /* SceneDelegate.swift */ = {isa = PBXFileReference; lastKnownFileType = sourcecode.swift; path = SceneDelegate.swift; sourceTree = "<group>"; };
		906596EC2766D3FB0070E45A /* ViewController.swift */ = {isa = PBXFileReference; lastKnownFileType = sourcecode.swift; path = ViewController.swift; sourceTree = "<group>"; };
		906596EF2766D3FB0070E45A /* Base */ = {isa = PBXFileReference; lastKnownFileType = file.storyboard; name = Base; path = Base.lproj/Main.storyboard; sourceTree = "<group>"; };
		906596F12766D3FD0070E45A /* Assets.xcassets */ = {isa = PBXFileReference; lastKnownFileType = folder.assetcatalog; path = Assets.xcassets; sourceTree = "<group>"; };
		906596F42766D3FD0070E45A /* Base */ = {isa = PBXFileReference; lastKnownFileType = file.storyboard; name = Base; path = Base.lproj/LaunchScreen.storyboard; sourceTree = "<group>"; };
		906596F62766D3FD0070E45A /* Info.plist */ = {isa = PBXFileReference; lastKnownFileType = text.plist.xml; path = Info.plist; sourceTree = "<group>"; };
		906596FB2766D3FD0070E45A /* BoxATests.xctest */ = {isa = PBXFileReference; explicitFileType = wrapper.cfbundle; includeInIndex = 0; path = BoxATests.xctest; sourceTree = BUILT_PRODUCTS_DIR; };
		906596FF2766D3FD0070E45A /* BoxATests.swift */ = {isa = PBXFileReference; lastKnownFileType = sourcecode.swift; path = BoxATests.swift; sourceTree = "<group>"; };
		906597052766D3FD0070E45A /* BoxAUITests.xctest */ = {isa = PBXFileReference; explicitFileType = wrapper.cfbundle; includeInIndex = 0; path = BoxAUITests.xctest; sourceTree = BUILT_PRODUCTS_DIR; };
		906597092766D3FD0070E45A /* BoxAUITests.swift */ = {isa = PBXFileReference; lastKnownFileType = sourcecode.swift; path = BoxAUITests.swift; sourceTree = "<group>"; };
		9065970B2766D3FD0070E45A /* BoxAUITestsLaunchTests.swift */ = {isa = PBXFileReference; lastKnownFileType = sourcecode.swift; path = BoxAUITestsLaunchTests.swift; sourceTree = "<group>"; };
		90B34F972776B38A00572EE3 /* EmployeeViewController.swift */ = {isa = PBXFileReference; lastKnownFileType = sourcecode.swift; path = EmployeeViewController.swift; sourceTree = "<group>"; };
		90C4C500276EE4BB005DC297 /* GoogleService-Info.plist */ = {isa = PBXFileReference; fileEncoding = 4; lastKnownFileType = text.plist.xml; path = "GoogleService-Info.plist"; sourceTree = "<group>"; };
		90D71ABF276FD108004F7063 /* BoxA-Bridging-Header.h */ = {isa = PBXFileReference; lastKnownFileType = sourcecode.c.h; path = "BoxA-Bridging-Header.h"; sourceTree = "<group>"; };
		90D71AC0276FD108004F7063 /* AppDelegate.m */ = {isa = PBXFileReference; lastKnownFileType = sourcecode.c.objc; path = AppDelegate.m; sourceTree = "<group>"; };
		90F7B6352766FDE500606104 /* SignUpViewController.swift */ = {isa = PBXFileReference; lastKnownFileType = sourcecode.swift; path = SignUpViewController.swift; sourceTree = "<group>"; };
		90F7B6372766FEC300606104 /* HomeViewController.swift */ = {isa = PBXFileReference; lastKnownFileType = sourcecode.swift; path = HomeViewController.swift; sourceTree = "<group>"; };
		90F9520B276F2FBF008B5905 /* Constants.swift */ = {isa = PBXFileReference; lastKnownFileType = sourcecode.swift; path = Constants.swift; sourceTree = "<group>"; };
		90F9520D276F487D008B5905 /* DocumentViewController.swift */ = {isa = PBXFileReference; lastKnownFileType = sourcecode.swift; path = DocumentViewController.swift; sourceTree = "<group>"; };
		C458765085D7E4D3463F712E /* Pods-BoxA.debug.xcconfig */ = {isa = PBXFileReference; includeInIndex = 1; lastKnownFileType = text.xcconfig; name = "Pods-BoxA.debug.xcconfig"; path = "Target Support Files/Pods-BoxA/Pods-BoxA.debug.xcconfig"; sourceTree = "<group>"; };
/* End PBXFileReference section */

/* Begin PBXFrameworksBuildPhase section */
		906596E22766D3FB0070E45A /* Frameworks */ = {
			isa = PBXFrameworksBuildPhase;
			buildActionMask = 2147483647;
			files = (
				9009860C276FE06C00771681 /* BoxSDK.xcframework in Frameworks */,
				6128276EE79E51AA51B9CA0F /* Pods_BoxA.framework in Frameworks */,
			);
			runOnlyForDeploymentPostprocessing = 0;
		};
		906596F82766D3FD0070E45A /* Frameworks */ = {
			isa = PBXFrameworksBuildPhase;
			buildActionMask = 2147483647;
			files = (
				E144F8FC4ECFDDF0885C81DB /* Pods_BoxATests.framework in Frameworks */,
			);
			runOnlyForDeploymentPostprocessing = 0;
		};
		906597022766D3FD0070E45A /* Frameworks */ = {
			isa = PBXFrameworksBuildPhase;
			buildActionMask = 2147483647;
			files = (
				2E63B4572DE3BEBCEC44F4A3 /* Pods_BoxA_BoxAUITests.framework in Frameworks */,
			);
			runOnlyForDeploymentPostprocessing = 0;
		};
/* End PBXFrameworksBuildPhase section */

/* Begin PBXGroup section */
		42BAC719A5DB4B2CC46FD7C2 /* Frameworks */ = {
			isa = PBXGroup;
			children = (
				70D38CA1105C8F0C7D4B62F1 /* Pods_BoxA.framework */,
				7B799DBEACD6A07FCB90823E /* Pods_BoxA_BoxAUITests.framework */,
				1D6D94DAE2EE1742015DE825 /* Pods_BoxATests.framework */,
			);
			name = Frameworks;
			sourceTree = "<group>";
		};
		906596DC2766D3FB0070E45A = {
			isa = PBXGroup;
			children = (
				906596E72766D3FB0070E45A /* BoxA */,
				906596FE2766D3FD0070E45A /* BoxATests */,
				906597082766D3FD0070E45A /* BoxAUITests */,
				906596E62766D3FB0070E45A /* Products */,
				AE5605D89844762374930A3C /* Pods */,
				42BAC719A5DB4B2CC46FD7C2 /* Frameworks */,
			);
			sourceTree = "<group>";
		};
		906596E62766D3FB0070E45A /* Products */ = {
			isa = PBXGroup;
			children = (
				906596E52766D3FB0070E45A /* BoxA.app */,
				906596FB2766D3FD0070E45A /* BoxATests.xctest */,
				906597052766D3FD0070E45A /* BoxAUITests.xctest */,
			);
			name = Products;
			sourceTree = "<group>";
		};
		906596E72766D3FB0070E45A /* BoxA */ = {
			isa = PBXGroup;
			children = (
				9009860B276FE06C00771681 /* BoxSDK.xcframework */,
				906596E82766D3FB0070E45A /* AppDelegate.swift */,
				906596EA2766D3FB0070E45A /* SceneDelegate.swift */,
				906596EC2766D3FB0070E45A /* ViewController.swift */,
				906596EE2766D3FB0070E45A /* Main.storyboard */,
				90B34F972776B38A00572EE3 /* EmployeeViewController.swift */,
				90F9520B276F2FBF008B5905 /* Constants.swift */,
				906596F12766D3FD0070E45A /* Assets.xcassets */,
				906596F32766D3FD0070E45A /* LaunchScreen.storyboard */,
				906596F62766D3FD0070E45A /* Info.plist */,
				90F7B6352766FDE500606104 /* SignUpViewController.swift */,
				90F7B6372766FEC300606104 /* HomeViewController.swift */,
				90F9520D276F487D008B5905 /* DocumentViewController.swift */,
				90098614277023F400771681 /* test.txt */,
				9009860F276FF02A00771681 /* BasicErrorView.swift */,
				90D71AC0276FD108004F7063 /* AppDelegate.m */,
				90C4C500276EE4BB005DC297 /* GoogleService-Info.plist */,
				90D71ABF276FD108004F7063 /* BoxA-Bridging-Header.h */,
			);
			path = BoxA;
			sourceTree = "<group>";
		};
		906596FE2766D3FD0070E45A /* BoxATests */ = {
			isa = PBXGroup;
			children = (
				906596FF2766D3FD0070E45A /* BoxATests.swift */,
			);
			path = BoxATests;
			sourceTree = "<group>";
		};
		906597082766D3FD0070E45A /* BoxAUITests */ = {
			isa = PBXGroup;
			children = (
				906597092766D3FD0070E45A /* BoxAUITests.swift */,
				9065970B2766D3FD0070E45A /* BoxAUITestsLaunchTests.swift */,
			);
			path = BoxAUITests;
			sourceTree = "<group>";
		};
		AE5605D89844762374930A3C /* Pods */ = {
			isa = PBXGroup;
			children = (
				C458765085D7E4D3463F712E /* Pods-BoxA.debug.xcconfig */,
				3D3CB2BFF01BE0B46B03422E /* Pods-BoxA.release.xcconfig */,
				3D04BFCE5A6ACFEF22D62340 /* Pods-BoxA-BoxAUITests.debug.xcconfig */,
				688D09F710E65C8B137B2CA3 /* Pods-BoxA-BoxAUITests.release.xcconfig */,
				3ECBB75DDC6E52273D147D55 /* Pods-BoxATests.debug.xcconfig */,
				669D11EDA0C66A084CABB8E8 /* Pods-BoxATests.release.xcconfig */,
			);
			path = Pods;
			sourceTree = "<group>";
		};
/* End PBXGroup section */

/* Begin PBXNativeTarget section */
		906596E42766D3FB0070E45A /* BoxA */ = {
			isa = PBXNativeTarget;
			buildConfigurationList = 9065970F2766D3FD0070E45A /* Build configuration list for PBXNativeTarget "BoxA" */;
			buildPhases = (
				4D956AE67C152FAA735C2970 /* [CP] Check Pods Manifest.lock */,
				906596E12766D3FB0070E45A /* Sources */,
				906596E22766D3FB0070E45A /* Frameworks */,
				906596E32766D3FB0070E45A /* Resources */,
				3076206F8DAA58E51C51ABDA /* [CP] Embed Pods Frameworks */,
			);
			buildRules = (
			);
			dependencies = (
			);
			name = BoxA;
			productName = BoxA;
			productReference = 906596E52766D3FB0070E45A /* BoxA.app */;
			productType = "com.apple.product-type.application";
		};
		906596FA2766D3FD0070E45A /* BoxATests */ = {
			isa = PBXNativeTarget;
			buildConfigurationList = 906597122766D3FD0070E45A /* Build configuration list for PBXNativeTarget "BoxATests" */;
			buildPhases = (
				BC57EE1801A4097E55E307A6 /* [CP] Check Pods Manifest.lock */,
				906596F72766D3FD0070E45A /* Sources */,
				906596F82766D3FD0070E45A /* Frameworks */,
				906596F92766D3FD0070E45A /* Resources */,
			);
			buildRules = (
			);
			dependencies = (
				906596FD2766D3FD0070E45A /* PBXTargetDependency */,
			);
			name = BoxATests;
			productName = BoxATests;
			productReference = 906596FB2766D3FD0070E45A /* BoxATests.xctest */;
			productType = "com.apple.product-type.bundle.unit-test";
		};
		906597042766D3FD0070E45A /* BoxAUITests */ = {
			isa = PBXNativeTarget;
			buildConfigurationList = 906597152766D3FD0070E45A /* Build configuration list for PBXNativeTarget "BoxAUITests" */;
			buildPhases = (
				5FBB2CB0405A35B2B252270D /* [CP] Check Pods Manifest.lock */,
				906597012766D3FD0070E45A /* Sources */,
				906597022766D3FD0070E45A /* Frameworks */,
				906597032766D3FD0070E45A /* Resources */,
				75255A5F16FC37E3BE92EC3C /* [CP] Embed Pods Frameworks */,
			);
			buildRules = (
			);
			dependencies = (
				906597072766D3FD0070E45A /* PBXTargetDependency */,
			);
			name = BoxAUITests;
			productName = BoxAUITests;
			productReference = 906597052766D3FD0070E45A /* BoxAUITests.xctest */;
			productType = "com.apple.product-type.bundle.ui-testing";
		};
/* End PBXNativeTarget section */

/* Begin PBXProject section */
		906596DD2766D3FB0070E45A /* Project object */ = {
			isa = PBXProject;
			attributes = {
				BuildIndependentTargetsInParallel = 1;
				LastSwiftUpdateCheck = 1310;
				LastUpgradeCheck = 1310;
				TargetAttributes = {
					906596E42766D3FB0070E45A = {
						CreatedOnToolsVersion = 13.1;
						LastSwiftMigration = 1310;
					};
					906596FA2766D3FD0070E45A = {
						CreatedOnToolsVersion = 13.1;
						TestTargetID = 906596E42766D3FB0070E45A;
					};
					906597042766D3FD0070E45A = {
						CreatedOnToolsVersion = 13.1;
						TestTargetID = 906596E42766D3FB0070E45A;
					};
				};
			};
			buildConfigurationList = 906596E02766D3FB0070E45A /* Build configuration list for PBXProject "BoxA" */;
			compatibilityVersion = "Xcode 13.0";
			developmentRegion = en;
			hasScannedForEncodings = 0;
			knownRegions = (
				en,
				Base,
			);
			mainGroup = 906596DC2766D3FB0070E45A;
			productRefGroup = 906596E62766D3FB0070E45A /* Products */;
			projectDirPath = "";
			projectRoot = "";
			targets = (
				906596E42766D3FB0070E45A /* BoxA */,
				906596FA2766D3FD0070E45A /* BoxATests */,
				906597042766D3FD0070E45A /* BoxAUITests */,
			);
		};
/* End PBXProject section */

/* Begin PBXResourcesBuildPhase section */
		906596E32766D3FB0070E45A /* Resources */ = {
			isa = PBXResourcesBuildPhase;
			buildActionMask = 2147483647;
			files = (
				906596F52766D3FD0070E45A /* LaunchScreen.storyboard in Resources */,
				90C4C501276EE4BB005DC297 /* GoogleService-Info.plist in Resources */,
				906596F22766D3FD0070E45A /* Assets.xcassets in Resources */,
				906596F02766D3FB0070E45A /* Main.storyboard in Resources */,
				90098615277023F400771681 /* test.txt in Resources */,
			);
			runOnlyForDeploymentPostprocessing = 0;
		};
		906596F92766D3FD0070E45A /* Resources */ = {
			isa = PBXResourcesBuildPhase;
			buildActionMask = 2147483647;
			files = (
			);
			runOnlyForDeploymentPostprocessing = 0;
		};
		906597032766D3FD0070E45A /* Resources */ = {
			isa = PBXResourcesBuildPhase;
			buildActionMask = 2147483647;
			files = (
			);
			runOnlyForDeploymentPostprocessing = 0;
		};
/* End PBXResourcesBuildPhase section */

/* Begin PBXShellScriptBuildPhase section */
		3076206F8DAA58E51C51ABDA /* [CP] Embed Pods Frameworks */ = {
			isa = PBXShellScriptBuildPhase;
			buildActionMask = 2147483647;
			files = (
			);
			inputFileListPaths = (
				"${PODS_ROOT}/Target Support Files/Pods-BoxA/Pods-BoxA-frameworks-${CONFIGURATION}-input-files.xcfilelist",
			);
			name = "[CP] Embed Pods Frameworks";
			outputFileListPaths = (
				"${PODS_ROOT}/Target Support Files/Pods-BoxA/Pods-BoxA-frameworks-${CONFIGURATION}-output-files.xcfilelist",
			);
			runOnlyForDeploymentPostprocessing = 0;
			shellPath = /bin/sh;
			shellScript = "\"${PODS_ROOT}/Target Support Files/Pods-BoxA/Pods-BoxA-frameworks.sh\"\n";
			showEnvVarsInLog = 0;
		};
		4D956AE67C152FAA735C2970 /* [CP] Check Pods Manifest.lock */ = {
			isa = PBXShellScriptBuildPhase;
			buildActionMask = 2147483647;
			files = (
			);
			inputFileListPaths = (
			);
			inputPaths = (
				"${PODS_PODFILE_DIR_PATH}/Podfile.lock",
				"${PODS_ROOT}/Manifest.lock",
			);
			name = "[CP] Check Pods Manifest.lock";
			outputFileListPaths = (
			);
			outputPaths = (
				"$(DERIVED_FILE_DIR)/Pods-BoxA-checkManifestLockResult.txt",
			);
			runOnlyForDeploymentPostprocessing = 0;
			shellPath = /bin/sh;
			shellScript = "diff \"${PODS_PODFILE_DIR_PATH}/Podfile.lock\" \"${PODS_ROOT}/Manifest.lock\" > /dev/null\nif [ $? != 0 ] ; then\n    # print error to STDERR\n    echo \"error: The sandbox is not in sync with the Podfile.lock. Run 'pod install' or update your CocoaPods installation.\" >&2\n    exit 1\nfi\n# This output is used by Xcode 'outputs' to avoid re-running this script phase.\necho \"SUCCESS\" > \"${SCRIPT_OUTPUT_FILE_0}\"\n";
			showEnvVarsInLog = 0;
		};
		5FBB2CB0405A35B2B252270D /* [CP] Check Pods Manifest.lock */ = {
			isa = PBXShellScriptBuildPhase;
			buildActionMask = 2147483647;
			files = (
			);
			inputFileListPaths = (
			);
			inputPaths = (
				"${PODS_PODFILE_DIR_PATH}/Podfile.lock",
				"${PODS_ROOT}/Manifest.lock",
			);
			name = "[CP] Check Pods Manifest.lock";
			outputFileListPaths = (
			);
			outputPaths = (
				"$(DERIVED_FILE_DIR)/Pods-BoxA-BoxAUITests-checkManifestLockResult.txt",
			);
			runOnlyForDeploymentPostprocessing = 0;
			shellPath = /bin/sh;
			shellScript = "diff \"${PODS_PODFILE_DIR_PATH}/Podfile.lock\" \"${PODS_ROOT}/Manifest.lock\" > /dev/null\nif [ $? != 0 ] ; then\n    # print error to STDERR\n    echo \"error: The sandbox is not in sync with the Podfile.lock. Run 'pod install' or update your CocoaPods installation.\" >&2\n    exit 1\nfi\n# This output is used by Xcode 'outputs' to avoid re-running this script phase.\necho \"SUCCESS\" > \"${SCRIPT_OUTPUT_FILE_0}\"\n";
			showEnvVarsInLog = 0;
		};
		75255A5F16FC37E3BE92EC3C /* [CP] Embed Pods Frameworks */ = {
			isa = PBXShellScriptBuildPhase;
			buildActionMask = 2147483647;
			files = (
			);
			inputFileListPaths = (
				"${PODS_ROOT}/Target Support Files/Pods-BoxA-BoxAUITests/Pods-BoxA-BoxAUITests-frameworks-${CONFIGURATION}-input-files.xcfilelist",
			);
			name = "[CP] Embed Pods Frameworks";
			outputFileListPaths = (
				"${PODS_ROOT}/Target Support Files/Pods-BoxA-BoxAUITests/Pods-BoxA-BoxAUITests-frameworks-${CONFIGURATION}-output-files.xcfilelist",
			);
			runOnlyForDeploymentPostprocessing = 0;
			shellPath = /bin/sh;
			shellScript = "\"${PODS_ROOT}/Target Support Files/Pods-BoxA-BoxAUITests/Pods-BoxA-BoxAUITests-frameworks.sh\"\n";
			showEnvVarsInLog = 0;
		};
		BC57EE1801A4097E55E307A6 /* [CP] Check Pods Manifest.lock */ = {
			isa = PBXShellScriptBuildPhase;
			buildActionMask = 2147483647;
			files = (
			);
			inputFileListPaths = (
			);
			inputPaths = (
				"${PODS_PODFILE_DIR_PATH}/Podfile.lock",
				"${PODS_ROOT}/Manifest.lock",
			);
			name = "[CP] Check Pods Manifest.lock";
			outputFileListPaths = (
			);
			outputPaths = (
				"$(DERIVED_FILE_DIR)/Pods-BoxATests-checkManifestLockResult.txt",
			);
			runOnlyForDeploymentPostprocessing = 0;
			shellPath = /bin/sh;
			shellScript = "diff \"${PODS_PODFILE_DIR_PATH}/Podfile.lock\" \"${PODS_ROOT}/Manifest.lock\" > /dev/null\nif [ $? != 0 ] ; then\n    # print error to STDERR\n    echo \"error: The sandbox is not in sync with the Podfile.lock. Run 'pod install' or update your CocoaPods installation.\" >&2\n    exit 1\nfi\n# This output is used by Xcode 'outputs' to avoid re-running this script phase.\necho \"SUCCESS\" > \"${SCRIPT_OUTPUT_FILE_0}\"\n";
			showEnvVarsInLog = 0;
		};
/* End PBXShellScriptBuildPhase section */

/* Begin PBXSourcesBuildPhase section */
		906596E12766D3FB0070E45A /* Sources */ = {
			isa = PBXSourcesBuildPhase;
			buildActionMask = 2147483647;
			files = (
				90B34F982776B38A00572EE3 /* EmployeeViewController.swift in Sources */,
				906596ED2766D3FB0070E45A /* ViewController.swift in Sources */,
				906596E92766D3FB0070E45A /* AppDelegate.swift in Sources */,
				906596EB2766D3FB0070E45A /* SceneDelegate.swift in Sources */,
				90F7B6362766FDE500606104 /* SignUpViewController.swift in Sources */,
				90D71AC1276FD108004F7063 /* AppDelegate.m in Sources */,
				90F9520E276F487D008B5905 /* DocumentViewController.swift in Sources */,
				90F7B6382766FEC300606104 /* HomeViewController.swift in Sources */,
				90098610276FF02A00771681 /* BasicErrorView.swift in Sources */,
				90F9520C276F2FBF008B5905 /* Constants.swift in Sources */,
			);
			runOnlyForDeploymentPostprocessing = 0;
		};
		906596F72766D3FD0070E45A /* Sources */ = {
			isa = PBXSourcesBuildPhase;
			buildActionMask = 2147483647;
			files = (
				906597002766D3FD0070E45A /* BoxATests.swift in Sources */,
			);
			runOnlyForDeploymentPostprocessing = 0;
		};
		906597012766D3FD0070E45A /* Sources */ = {
			isa = PBXSourcesBuildPhase;
			buildActionMask = 2147483647;
			files = (
				9065970C2766D3FD0070E45A /* BoxAUITestsLaunchTests.swift in Sources */,
				9065970A2766D3FD0070E45A /* BoxAUITests.swift in Sources */,
			);
			runOnlyForDeploymentPostprocessing = 0;
		};
/* End PBXSourcesBuildPhase section */

/* Begin PBXTargetDependency section */
		906596FD2766D3FD0070E45A /* PBXTargetDependency */ = {
			isa = PBXTargetDependency;
			target = 906596E42766D3FB0070E45A /* BoxA */;
			targetProxy = 906596FC2766D3FD0070E45A /* PBXContainerItemProxy */;
		};
		906597072766D3FD0070E45A /* PBXTargetDependency */ = {
			isa = PBXTargetDependency;
			target = 906596E42766D3FB0070E45A /* BoxA */;
			targetProxy = 906597062766D3FD0070E45A /* PBXContainerItemProxy */;
		};
/* End PBXTargetDependency section */

/* Begin PBXVariantGroup section */
		906596EE2766D3FB0070E45A /* Main.storyboard */ = {
			isa = PBXVariantGroup;
			children = (
				906596EF2766D3FB0070E45A /* Base */,
			);
			name = Main.storyboard;
			sourceTree = "<group>";
		};
		906596F32766D3FD0070E45A /* LaunchScreen.storyboard */ = {
			isa = PBXVariantGroup;
			children = (
				906596F42766D3FD0070E45A /* Base */,
			);
			name = LaunchScreen.storyboard;
			sourceTree = "<group>";
		};
/* End PBXVariantGroup section */

/* Begin XCBuildConfiguration section */
		9065970D2766D3FD0070E45A /* Debug */ = {
			isa = XCBuildConfiguration;
			buildSettings = {
				ALWAYS_SEARCH_USER_PATHS = NO;
				CLANG_ANALYZER_NONNULL = YES;
				CLANG_ANALYZER_NUMBER_OBJECT_CONVERSION = YES_AGGRESSIVE;
				CLANG_CXX_LANGUAGE_STANDARD = "gnu++17";
				CLANG_CXX_LIBRARY = "libc++";
				CLANG_ENABLE_MODULES = YES;
				CLANG_ENABLE_OBJC_ARC = YES;
				CLANG_ENABLE_OBJC_WEAK = YES;
				CLANG_WARN_BLOCK_CAPTURE_AUTORELEASING = YES;
				CLANG_WARN_BOOL_CONVERSION = YES;
				CLANG_WARN_COMMA = YES;
				CLANG_WARN_CONSTANT_CONVERSION = YES;
				CLANG_WARN_DEPRECATED_OBJC_IMPLEMENTATIONS = YES;
				CLANG_WARN_DIRECT_OBJC_ISA_USAGE = YES_ERROR;
				CLANG_WARN_DOCUMENTATION_COMMENTS = YES;
				CLANG_WARN_EMPTY_BODY = YES;
				CLANG_WARN_ENUM_CONVERSION = YES;
				CLANG_WARN_INFINITE_RECURSION = YES;
				CLANG_WARN_INT_CONVERSION = YES;
				CLANG_WARN_NON_LITERAL_NULL_CONVERSION = YES;
				CLANG_WARN_OBJC_IMPLICIT_RETAIN_SELF = YES;
				CLANG_WARN_OBJC_LITERAL_CONVERSION = YES;
				CLANG_WARN_OBJC_ROOT_CLASS = YES_ERROR;
				CLANG_WARN_QUOTED_INCLUDE_IN_FRAMEWORK_HEADER = YES;
				CLANG_WARN_RANGE_LOOP_ANALYSIS = YES;
				CLANG_WARN_STRICT_PROTOTYPES = YES;
				CLANG_WARN_SUSPICIOUS_MOVE = YES;
				CLANG_WARN_UNGUARDED_AVAILABILITY = YES_AGGRESSIVE;
				CLANG_WARN_UNREACHABLE_CODE = YES;
				CLANG_WARN__DUPLICATE_METHOD_MATCH = YES;
				COPY_PHASE_STRIP = NO;
				DEBUG_INFORMATION_FORMAT = dwarf;
				ENABLE_STRICT_OBJC_MSGSEND = YES;
				ENABLE_TESTABILITY = YES;
				GCC_C_LANGUAGE_STANDARD = gnu11;
				GCC_DYNAMIC_NO_PIC = NO;
				GCC_NO_COMMON_BLOCKS = YES;
				GCC_OPTIMIZATION_LEVEL = 0;
				GCC_PREPROCESSOR_DEFINITIONS = (
					"DEBUG=1",
					"$(inherited)",
				);
				GCC_WARN_64_TO_32_BIT_CONVERSION = YES;
				GCC_WARN_ABOUT_RETURN_TYPE = YES_ERROR;
				GCC_WARN_UNDECLARED_SELECTOR = YES;
				GCC_WARN_UNINITIALIZED_AUTOS = YES_AGGRESSIVE;
				GCC_WARN_UNUSED_FUNCTION = YES;
				GCC_WARN_UNUSED_VARIABLE = YES;
				IPHONEOS_DEPLOYMENT_TARGET = 14.7;
				MTL_ENABLE_DEBUG_INFO = INCLUDE_SOURCE;
				MTL_FAST_MATH = YES;
				ONLY_ACTIVE_ARCH = YES;
				SDKROOT = iphoneos;
				SWIFT_ACTIVE_COMPILATION_CONDITIONS = DEBUG;
				SWIFT_OPTIMIZATION_LEVEL = "-Onone";
			};
			name = Debug;
		};
		9065970E2766D3FD0070E45A /* Release */ = {
			isa = XCBuildConfiguration;
			buildSettings = {
				ALWAYS_SEARCH_USER_PATHS = NO;
				CLANG_ANALYZER_NONNULL = YES;
				CLANG_ANALYZER_NUMBER_OBJECT_CONVERSION = YES_AGGRESSIVE;
				CLANG_CXX_LANGUAGE_STANDARD = "gnu++17";
				CLANG_CXX_LIBRARY = "libc++";
				CLANG_ENABLE_MODULES = YES;
				CLANG_ENABLE_OBJC_ARC = YES;
				CLANG_ENABLE_OBJC_WEAK = YES;
				CLANG_WARN_BLOCK_CAPTURE_AUTORELEASING = YES;
				CLANG_WARN_BOOL_CONVERSION = YES;
				CLANG_WARN_COMMA = YES;
				CLANG_WARN_CONSTANT_CONVERSION = YES;
				CLANG_WARN_DEPRECATED_OBJC_IMPLEMENTATIONS = YES;
				CLANG_WARN_DIRECT_OBJC_ISA_USAGE = YES_ERROR;
				CLANG_WARN_DOCUMENTATION_COMMENTS = YES;
				CLANG_WARN_EMPTY_BODY = YES;
				CLANG_WARN_ENUM_CONVERSION = YES;
				CLANG_WARN_INFINITE_RECURSION = YES;
				CLANG_WARN_INT_CONVERSION = YES;
				CLANG_WARN_NON_LITERAL_NULL_CONVERSION = YES;
				CLANG_WARN_OBJC_IMPLICIT_RETAIN_SELF = YES;
				CLANG_WARN_OBJC_LITERAL_CONVERSION = YES;
				CLANG_WARN_OBJC_ROOT_CLASS = YES_ERROR;
				CLANG_WARN_QUOTED_INCLUDE_IN_FRAMEWORK_HEADER = YES;
				CLANG_WARN_RANGE_LOOP_ANALYSIS = YES;
				CLANG_WARN_STRICT_PROTOTYPES = YES;
				CLANG_WARN_SUSPICIOUS_MOVE = YES;
				CLANG_WARN_UNGUARDED_AVAILABILITY = YES_AGGRESSIVE;
				CLANG_WARN_UNREACHABLE_CODE = YES;
				CLANG_WARN__DUPLICATE_METHOD_MATCH = YES;
				COPY_PHASE_STRIP = NO;
				DEBUG_INFORMATION_FORMAT = "dwarf-with-dsym";
				ENABLE_NS_ASSERTIONS = NO;
				ENABLE_STRICT_OBJC_MSGSEND = YES;
				GCC_C_LANGUAGE_STANDARD = gnu11;
				GCC_NO_COMMON_BLOCKS = YES;
				GCC_WARN_64_TO_32_BIT_CONVERSION = YES;
				GCC_WARN_ABOUT_RETURN_TYPE = YES_ERROR;
				GCC_WARN_UNDECLARED_SELECTOR = YES;
				GCC_WARN_UNINITIALIZED_AUTOS = YES_AGGRESSIVE;
				GCC_WARN_UNUSED_FUNCTION = YES;
				GCC_WARN_UNUSED_VARIABLE = YES;
				IPHONEOS_DEPLOYMENT_TARGET = 14.7;
				MTL_ENABLE_DEBUG_INFO = NO;
				MTL_FAST_MATH = YES;
				SDKROOT = iphoneos;
				SWIFT_COMPILATION_MODE = wholemodule;
				SWIFT_OPTIMIZATION_LEVEL = "-O";
				VALIDATE_PRODUCT = YES;
			};
			name = Release;
		};
		906597102766D3FD0070E45A /* Debug */ = {
			isa = XCBuildConfiguration;
			baseConfigurationReference = C458765085D7E4D3463F712E /* Pods-BoxA.debug.xcconfig */;
			buildSettings = {
				ASSETCATALOG_COMPILER_APPICON_NAME = AppIcon;
				ASSETCATALOG_COMPILER_GLOBAL_ACCENT_COLOR_NAME = AccentColor;
				CLANG_ENABLE_MODULES = YES;
				CODE_SIGN_STYLE = Automatic;
				CURRENT_PROJECT_VERSION = 1;
				DEVELOPMENT_TEAM = A7ZZXXM7PB;
				GENERATE_INFOPLIST_FILE = YES;
				INFOPLIST_FILE = BoxA/Info.plist;
				INFOPLIST_KEY_CFBundleDisplayName = BoxA;
				INFOPLIST_KEY_UIApplicationSupportsIndirectInputEvents = YES;
				INFOPLIST_KEY_UILaunchStoryboardName = LaunchScreen;
				INFOPLIST_KEY_UIMainStoryboardFile = Main;
				INFOPLIST_KEY_UISupportedInterfaceOrientations_iPad = "UIInterfaceOrientationPortrait UIInterfaceOrientationPortraitUpsideDown UIInterfaceOrientationLandscapeLeft UIInterfaceOrientationLandscapeRight";
				INFOPLIST_KEY_UISupportedInterfaceOrientations_iPhone = "UIInterfaceOrientationPortrait UIInterfaceOrientationLandscapeLeft UIInterfaceOrientationLandscapeRight";
				LD_RUNPATH_SEARCH_PATHS = (
					"$(inherited)",
					"@executable_path/Frameworks",
				);
				LIBRARY_SEARCH_PATHS = (
					"$(inherited)",
					"$(PROJECT_DIR)/Carthage/Build/BoxSDK.xcframework/ios-arm64/BoxSDK.framework",
				);
				MARKETING_VERSION = 1.0;
				PRODUCT_BUNDLE_IDENTIFIER = com.Ayush.BoxA;
				PRODUCT_NAME = "$(TARGET_NAME)";
				SWIFT_EMIT_LOC_STRINGS = YES;
				SWIFT_OBJC_BRIDGING_HEADER = "BoxA/BoxA-Bridging-Header.h";
				SWIFT_OPTIMIZATION_LEVEL = "-Onone";
				SWIFT_VERSION = 5.0;
				TARGETED_DEVICE_FAMILY = "1,2";
			};
			name = Debug;
		};
		906597112766D3FD0070E45A /* Release */ = {
			isa = XCBuildConfiguration;
			baseConfigurationReference = 3D3CB2BFF01BE0B46B03422E /* Pods-BoxA.release.xcconfig */;
			buildSettings = {
				ASSETCATALOG_COMPILER_APPICON_NAME = AppIcon;
				ASSETCATALOG_COMPILER_GLOBAL_ACCENT_COLOR_NAME = AccentColor;
				CLANG_ENABLE_MODULES = YES;
				CODE_SIGN_STYLE = Automatic;
				CURRENT_PROJECT_VERSION = 1;
				DEVELOPMENT_TEAM = A7ZZXXM7PB;
				GENERATE_INFOPLIST_FILE = YES;
				INFOPLIST_FILE = BoxA/Info.plist;
				INFOPLIST_KEY_CFBundleDisplayName = BoxA;
				INFOPLIST_KEY_UIApplicationSupportsIndirectInputEvents = YES;
				INFOPLIST_KEY_UILaunchStoryboardName = LaunchScreen;
				INFOPLIST_KEY_UIMainStoryboardFile = Main;
				INFOPLIST_KEY_UISupportedInterfaceOrientations_iPad = "UIInterfaceOrientationPortrait UIInterfaceOrientationPortraitUpsideDown UIInterfaceOrientationLandscapeLeft UIInterfaceOrientationLandscapeRight";
				INFOPLIST_KEY_UISupportedInterfaceOrientations_iPhone = "UIInterfaceOrientationPortrait UIInterfaceOrientationLandscapeLeft UIInterfaceOrientationLandscapeRight";
				LD_RUNPATH_SEARCH_PATHS = (
					"$(inherited)",
					"@executable_path/Frameworks",
				);
				LIBRARY_SEARCH_PATHS = (
					"$(inherited)",
					"$(PROJECT_DIR)/Carthage/Build/BoxSDK.xcframework/ios-arm64/BoxSDK.framework",
				);
				MARKETING_VERSION = 1.0;
				PRODUCT_BUNDLE_IDENTIFIER = com.Ayush.BoxA;
				PRODUCT_NAME = "$(TARGET_NAME)";
				SWIFT_EMIT_LOC_STRINGS = YES;
				SWIFT_OBJC_BRIDGING_HEADER = "BoxA/BoxA-Bridging-Header.h";
				SWIFT_VERSION = 5.0;
				TARGETED_DEVICE_FAMILY = "1,2";
			};
			name = Release;
		};
		906597132766D3FD0070E45A /* Debug */ = {
			isa = XCBuildConfiguration;
			baseConfigurationReference = 3ECBB75DDC6E52273D147D55 /* Pods-BoxATests.debug.xcconfig */;
			buildSettings = {
				ALWAYS_EMBED_SWIFT_STANDARD_LIBRARIES = YES;
				BUNDLE_LOADER = "$(TEST_HOST)";
				CODE_SIGN_STYLE = Automatic;
				CURRENT_PROJECT_VERSION = 1;
				DEVELOPMENT_TEAM = 2A2F7FYMQF;
				GENERATE_INFOPLIST_FILE = YES;
				IPHONEOS_DEPLOYMENT_TARGET = 15.0;
				LD_RUNPATH_SEARCH_PATHS = (
					"$(inherited)",
					"@executable_path/Frameworks",
					"@loader_path/Frameworks",
				);
				MARKETING_VERSION = 1.0;
				PRODUCT_BUNDLE_IDENTIFIER = com.Ayush.BoxATests;
				PRODUCT_NAME = "$(TARGET_NAME)";
				SWIFT_EMIT_LOC_STRINGS = NO;
				SWIFT_VERSION = 5.0;
				TARGETED_DEVICE_FAMILY = "1,2";
				TEST_HOST = "$(BUILT_PRODUCTS_DIR)/BoxA.app/BoxA";
			};
			name = Debug;
		};
		906597142766D3FD0070E45A /* Release */ = {
			isa = XCBuildConfiguration;
			baseConfigurationReference = 669D11EDA0C66A084CABB8E8 /* Pods-BoxATests.release.xcconfig */;
			buildSettings = {
				ALWAYS_EMBED_SWIFT_STANDARD_LIBRARIES = YES;
				BUNDLE_LOADER = "$(TEST_HOST)";
				CODE_SIGN_STYLE = Automatic;
				CURRENT_PROJECT_VERSION = 1;
				DEVELOPMENT_TEAM = 2A2F7FYMQF;
				GENERATE_INFOPLIST_FILE = YES;
				IPHONEOS_DEPLOYMENT_TARGET = 15.0;
				LD_RUNPATH_SEARCH_PATHS = (
					"$(inherited)",
					"@executable_path/Frameworks",
					"@loader_path/Frameworks",
				);
				MARKETING_VERSION = 1.0;
				PRODUCT_BUNDLE_IDENTIFIER = com.Ayush.BoxATests;
				PRODUCT_NAME = "$(TARGET_NAME)";
				SWIFT_EMIT_LOC_STRINGS = NO;
				SWIFT_VERSION = 5.0;
				TARGETED_DEVICE_FAMILY = "1,2";
				TEST_HOST = "$(BUILT_PRODUCTS_DIR)/BoxA.app/BoxA";
			};
			name = Release;
		};
		906597162766D3FD0070E45A /* Debug */ = {
			isa = XCBuildConfiguration;
			baseConfigurationReference = 3D04BFCE5A6ACFEF22D62340 /* Pods-BoxA-BoxAUITests.debug.xcconfig */;
			buildSettings = {
				ALWAYS_EMBED_SWIFT_STANDARD_LIBRARIES = YES;
				CODE_SIGN_STYLE = Automatic;
				CURRENT_PROJECT_VERSION = 1;
				DEVELOPMENT_TEAM = 2A2F7FYMQF;
				GENERATE_INFOPLIST_FILE = YES;
				LD_RUNPATH_SEARCH_PATHS = (
					"$(inherited)",
					"@executable_path/Frameworks",
					"@loader_path/Frameworks",
				);
				MARKETING_VERSION = 1.0;
				PRODUCT_BUNDLE_IDENTIFIER = com.Ayush.BoxAUITests;
				PRODUCT_NAME = "$(TARGET_NAME)";
				SWIFT_EMIT_LOC_STRINGS = NO;
				SWIFT_VERSION = 5.0;
				TARGETED_DEVICE_FAMILY = "1,2";
				TEST_TARGET_NAME = BoxA;
			};
			name = Debug;
		};
		906597172766D3FD0070E45A /* Release */ = {
			isa = XCBuildConfiguration;
			baseConfigurationReference = 688D09F710E65C8B137B2CA3 /* Pods-BoxA-BoxAUITests.release.xcconfig */;
			buildSettings = {
				ALWAYS_EMBED_SWIFT_STANDARD_LIBRARIES = YES;
				CODE_SIGN_STYLE = Automatic;
				CURRENT_PROJECT_VERSION = 1;
				DEVELOPMENT_TEAM = 2A2F7FYMQF;
				GENERATE_INFOPLIST_FILE = YES;
				LD_RUNPATH_SEARCH_PATHS = (
					"$(inherited)",
					"@executable_path/Frameworks",
					"@loader_path/Frameworks",
				);
				MARKETING_VERSION = 1.0;
				PRODUCT_BUNDLE_IDENTIFIER = com.Ayush.BoxAUITests;
				PRODUCT_NAME = "$(TARGET_NAME)";
				SWIFT_EMIT_LOC_STRINGS = NO;
				SWIFT_VERSION = 5.0;
				TARGETED_DEVICE_FAMILY = "1,2";
				TEST_TARGET_NAME = BoxA;
			};
			name = Release;
		};
/* End XCBuildConfiguration section */

/* Begin XCConfigurationList section */
		906596E02766D3FB0070E45A /* Build configuration list for PBXProject "BoxA" */ = {
			isa = XCConfigurationList;
			buildConfigurations = (
				9065970D2766D3FD0070E45A /* Debug */,
				9065970E2766D3FD0070E45A /* Release */,
			);
			defaultConfigurationIsVisible = 0;
			defaultConfigurationName = Release;
		};
		9065970F2766D3FD0070E45A /* Build configuration list for PBXNativeTarget "BoxA" */ = {
			isa = XCConfigurationList;
			buildConfigurations = (
				906597102766D3FD0070E45A /* Debug */,
				906597112766D3FD0070E45A /* Release */,
			);
			defaultConfigurationIsVisible = 0;
			defaultConfigurationName = Release;
		};
		906597122766D3FD0070E45A /* Build configuration list for PBXNativeTarget "BoxATests" */ = {
			isa = XCConfigurationList;
			buildConfigurations = (
				906597132766D3FD0070E45A /* Debug */,
				906597142766D3FD0070E45A /* Release */,
			);
			defaultConfigurationIsVisible = 0;
			defaultConfigurationName = Release;
		};
		906597152766D3FD0070E45A /* Build configuration list for PBXNativeTarget "BoxAUITests" */ = {
			isa = XCConfigurationList;
			buildConfigurations = (
				906597162766D3FD0070E45A /* Debug */,
				906597172766D3FD0070E45A /* Release */,
			);
			defaultConfigurationIsVisible = 0;
			defaultConfigurationName = Release;
		};
/* End XCConfigurationList section */
	};
	rootObject = 906596DD2766D3FB0070E45A /* Project object */;
}
